
Microsoft Visual Studio Solution File, Format Version 12.00
# Visual Studio 15
VisualStudioVersion = 15.0.27703.2026
MinimumVisualStudioVersion = 10.0.40219.1
Project("{888888A0-9F3D-457C-B088-3A5042F75D52}") = "PythonScripts", "PythonScripts.pyproj", "{12640E4F-AD75-477F-BB48-7410F0C34CAD}"
EndProject
Global
	GlobalSection(SolutionConfigurationPlatforms) = preSolution
		Debug|Any CPU = Debug|Any CPU
		Release|Any CPU = Release|Any CPU
	EndGlobalSection
	GlobalSection(ProjectConfigurationPlatforms) = postSolution
		{12640E4F-AD75-477F-BB48-7410F0C34CAD}.Debug|Any CPU.ActiveCfg = Debug|Any CPU
		{12640E4F-AD75-477F-BB48-7410F0C34CAD}.Release|Any CPU.ActiveCfg = Release|Any CPU
	EndGlobalSection
	GlobalSection(SolutionProperties) = preSolution
		HideSolutionNode = FALSE
	EndGlobalSection
	GlobalSection(ExtensibilityGlobals) = postSolution
		SolutionGuid = {8C588676-81E6-4C95-BB3F-A21B16C521AB}
	EndGlobalSection
EndGlobal
